
Microsoft Visual Studio Solution File, Format Version 12.00
# Visual Studio Version 16
VisualStudioVersion = 16.0.30611.23
MinimumVisualStudioVersion = 10.0.40219.1
Project("{8BC9CEB8-8B4A-11D0-8D11-00A0C91BC942}") = "ma3smwemu", "ma3smwemu.vcxproj", "{B4872969-638A-47C7-A4CF-F417FEC0826F}"
EndProject
Global
	GlobalSection(SolutionConfigurationPlatforms) = preSolution
		Debug|x64 = Debug|x64
		Debug|x86 = Debug|x86
		Release|x64 = Release|x64
		Release|x86 = Release|x86
	EndGlobalSection
	GlobalSection(ProjectConfigurationPlatforms) = postSolution
		{B4872969-638A-47C7-A4CF-F417FEC0826F}.Debug|x64.ActiveCfg = Debug|x64
		{B4872969-638A-47C7-A4CF-F417FEC0826F}.Debug|x64.Build.0 = Debug|x64
		{B4872969-638A-47C7-A4CF-F417FEC0826F}.Debug|x86.ActiveCfg = Debug|Win32
		{B4872969-638A-47C7-A4CF-F417FEC0826F}.Debug|x86.Build.0 = Debug|Win32
		{B4872969-638A-47C7-A4CF-F417FEC0826F}.Release|x64.ActiveCfg = Release|x64
		{B4872969-638A-47C7-A4CF-F417FEC0826F}.Release|x64.Build.0 = Release|x64
		{B4872969-638A-47C7-A4CF-F417FEC0826F}.Release|x86.ActiveCfg = Release|Win32
		{B4872969-638A-47C7-A4CF-F417FEC0826F}.Release|x86.Build.0 = Release|Win32
	EndGlobalSection
	GlobalSection(SolutionProperties) = preSolution
		HideSolutionNode = FALSE
	EndGlobalSection
	GlobalSection(ExtensibilityGlobals) = postSolution
		SolutionGuid = {040B2CC7-6368-4D4E-84CB-E4044061AE90}
	EndGlobalSection
EndGlobal
